// !$*UTF8*$!
{
	archiveVersion = 1;
	classes = {
	};
	objectVersion = 48;
	objects = {

/* Begin PBXBuildFile section */
		084827F62218B55A00DCB792 /* AppDelegate.swift in Sources */ = {isa = PBXBuildFile; fileRef = 084827F52218B55A00DCB792 /* AppDelegate.swift */; };
		084827F82218B55A00DCB792 /* ViewControllers.swift in Sources */ = {isa = PBXBuildFile; fileRef = 084827F72218B55A00DCB792 /* ViewControllers.swift */; };
		084827FD2218B55A00DCB792 /* Assets.xcassets in Resources */ = {isa = PBXBuildFile; fileRef = 084827FC2218B55A00DCB792 /* Assets.xcassets */; };
		084828002218B55A00DCB792 /* LaunchScreen.storyboard in Resources */ = {isa = PBXBuildFile; fileRef = 084827FE2218B55A00DCB792 /* LaunchScreen.storyboard */; };
		084828082218D7F700DCB792 /* ViewControllerWithSideMenu.swift in Sources */ = {isa = PBXBuildFile; fileRef = 084828072218D7F700DCB792 /* ViewControllerWithSideMenu.swift */; };
		0848280B2219809900DCB792 /* MyMenuViewController.swift in Sources */ = {isa = PBXBuildFile; fileRef = 084828092218D87000DCB792 /* MyMenuViewController.swift */; };
/* End PBXBuildFile section */

/* Begin PBXFileReference section */
		084827F22218B55A00DCB792 /* sideMenu.app */ = {isa = PBXFileReference; explicitFileType = wrapper.application; includeInIndex = 0; path = sideMenu.app; sourceTree = BUILT_PRODUCTS_DIR; };
		084827F52218B55A00DCB792 /* AppDelegate.swift */ = {isa = PBXFileReference; lastKnownFileType = sourcecode.swift; path = AppDelegate.swift; sourceTree = "<group>"; };
		084827F72218B55A00DCB792 /* ViewControllers.swift */ = {isa = PBXFileReference; lastKnownFileType = sourcecode.swift; path = ViewControllers.swift; sourceTree = "<group>"; };
		084827FC2218B55A00DCB792 /* Assets.xcassets */ = {isa = PBXFileReference; lastKnownFileType = folder.assetcatalog; path = Assets.xcassets; sourceTree = "<group>"; };
		084827FF2218B55A00DCB792 /* Base */ = {isa = PBXFileReference; lastKnownFileType = file.storyboard; name = Base; path = Base.lproj/LaunchScreen.storyboard; sourceTree = "<group>"; };
		084828012218B55A00DCB792 /* Info.plist */ = {isa = PBXFileReference; lastKnownFileType = text.plist.xml; path = Info.plist; sourceTree = "<group>"; };
		084828072218D7F700DCB792 /* ViewControllerWithSideMenu.swift */ = {isa = PBXFileReference; lastKnownFileType = sourcecode.swift; path = ViewControllerWithSideMenu.swift; sourceTree = "<group>"; };
		084828092218D87000DCB792 /* MyMenuViewController.swift */ = {isa = PBXFileReference; lastKnownFileType = sourcecode.swift; path = MyMenuViewController.swift; sourceTree = "<group>"; };
/* End PBXFileReference section */

/* Begin PBXFrameworksBuildPhase section */
		084827EF2218B55A00DCB792 /* Frameworks */ = {
			isa = PBXFrameworksBuildPhase;
			buildActionMask = 2147483647;
			files = (
			);
			runOnlyForDeploymentPostprocessing = 0;
		};
/* End PBXFrameworksBuildPhase section */

/* Begin PBXGroup section */
		084827E92218B55A00DCB792 = {
			isa = PBXGroup;
			children = (
				084827F42218B55A00DCB792 /* sideMenu */,
				084827F32218B55A00DCB792 /* Products */,
			);
			sourceTree = "<group>";
		};
		084827F32218B55A00DCB792 /* Products */ = {
			isa = PBXGroup;
			children = (
				084827F22218B55A00DCB792 /* sideMenu.app */,
			);
			name = Products;
			sourceTree = "<group>";
		};
		084827F42218B55A00DCB792 /* sideMenu */ = {
			isa = PBXGroup;
			children = (
				084827F52218B55A00DCB792 /* AppDelegate.swift */,
				084828072218D7F700DCB792 /* ViewControllerWithSideMenu.swift */,
				084827F72218B55A00DCB792 /* ViewControllers.swift */,
				084828092218D87000DCB792 /* MyMenuViewController.swift */,
				084827FC2218B55A00DCB792 /* Assets.xcassets */,
				084827FE2218B55A00DCB792 /* LaunchScreen.storyboard */,
				084828012218B55A00DCB792 /* Info.plist */,
			);
			path = sideMenu;
			sourceTree = "<group>";
		};
/* End PBXGroup section */

/* Begin PBXNativeTarget section */
		084827F12218B55A00DCB792 /* sideMenu */ = {
			isa = PBXNativeTarget;
			buildConfigurationList = 084828042218B55A00DCB792 /* Build configuration list for PBXNativeTarget "sideMenu" */;
			buildPhases = (
				084827EE2218B55A00DCB792 /* Sources */,
				084827EF2218B55A00DCB792 /* Frameworks */,
				084827F02218B55A00DCB792 /* Resources */,
			);
			buildRules = (
			);
			dependencies = (
			);
			name = sideMenu;
			productName = sideMenu;
			productReference = 084827F22218B55A00DCB792 /* sideMenu.app */;
			productType = "com.apple.product-type.application";
		};
/* End PBXNativeTarget section */

/* Begin PBXProject section */
		084827EA2218B55A00DCB792 /* Project object */ = {
			isa = PBXProject;
			attributes = {
				LastSwiftUpdateCheck = 0920;
				LastUpgradeCheck = 0920;
				ORGANIZATIONNAME = "Nicolas Barbara";
				TargetAttributes = {
					084827F12218B55A00DCB792 = {
						CreatedOnToolsVersion = 9.2;
						ProvisioningStyle = Automatic;
					};
				};
			};
			buildConfigurationList = 084827ED2218B55A00DCB792 /* Build configuration list for PBXProject "sideMenu" */;
			compatibilityVersion = "Xcode 8.0";
			developmentRegion = en;
			hasScannedForEncodings = 0;
			knownRegions = (
				en,
				Base,
			);
			mainGroup = 084827E92218B55A00DCB792;
			productRefGroup = 084827F32218B55A00DCB792 /* Products */;
			projectDirPath = "";
			projectRoot = "";
			targets = (
				084827F12218B55A00DCB792 /* sideMenu */,
			);
		};
/* End PBXProject section */

/* Begin PBXResourcesBuildPhase section */
		084827F02218B55A00DCB792 /* Resources */ = {
			isa = PBXResourcesBuildPhase;
			buildActionMask = 2147483647;
			files = (
				084828002218B55A00DCB792 /* LaunchScreen.storyboard in Resources */,
				084827FD2218B55A00DCB792 /* Assets.xcassets in Resources */,
			);
			runOnlyForDeploymentPostprocessing = 0;
		};
/* End PBXResourcesBuildPhase section */

/* Begin PBXSourcesBuildPhase section */
		084827EE2218B55A00DCB792 /* Sources */ = {
			isa = PBXSourcesBuildPhase;
			buildActionMask = 2147483647;
			files = (
				084828082218D7F700DCB792 /* ViewControllerWithSideMenu.swift in Sources */,
				084827F82218B55A00DCB792 /* ViewControllers.swift in Sources */,
				084827F62218B55A00DCB792 /* AppDelegate.swift in Sources */,
				0848280B2219809900DCB792 /* MyMenuViewController.swift in Sources */,
			);
			runOnlyForDeploymentPostprocessing = 0;
		};
/* End PBXSourcesBuildPhase section */

/* Begin PBXVariantGroup section */
		084827FE2218B55A00DCB792 /* LaunchScreen.storyboard */ = {
			isa = PBXVariantGroup;
			children = (
				084827FF2218B55A00DCB792 /* Base */,
			);
			name = LaunchScreen.storyboard;
			sourceTree = "<group>";
		};
/* End PBXVariantGroup section */

/* Begin XCBuildConfiguration section */
		084828022218B55A00DCB792 /* Debug */ = {
			isa = XCBuildConfiguration;
			buildSettings = {
				ALWAYS_SEARCH_USER_PATHS = NO;
				CLANG_ANALYZER_NONNULL = YES;
				CLANG_ANALYZER_NUMBER_OBJECT_CONVERSION = YES_AGGRESSIVE;
				CLANG_CXX_LANGUAGE_STANDARD = "gnu++14";
				CLANG_CXX_LIBRARY = "libc++";
				CLANG_ENABLE_MODULES = YES;
				CLANG_ENABLE_OBJC_ARC = YES;
				CLANG_WARN_BLOCK_CAPTURE_AUTORELEASING = YES;
				CLANG_WARN_BOOL_CONVERSION = YES;
				CLANG_WARN_COMMA = YES;
				CLANG_WARN_CONSTANT_CONVERSION = YES;
				CLANG_WARN_DIRECT_OBJC_ISA_USAGE = YES_ERROR;
				CLANG_WARN_DOCUMENTATION_COMMENTS = YES;
				CLANG_WARN_EMPTY_BODY = YES;
				CLANG_WARN_ENUM_CONVERSION = YES;
				CLANG_WARN_INFINITE_RECURSION = YES;
				CLANG_WARN_INT_CONVERSION = YES;
				CLANG_WARN_NON_LITERAL_NULL_CONVERSION = YES;
				CLANG_WARN_OBJC_LITERAL_CONVERSION = YES;
				CLANG_WARN_OBJC_ROOT_CLASS = YES_ERROR;
				CLANG_WARN_RANGE_LOOP_ANALYSIS = YES;
				CLANG_WARN_STRICT_PROTOTYPES = YES;
				CLANG_WARN_SUSPICIOUS_MOVE = YES;
				CLANG_WARN_UNGUARDED_AVAILABILITY = YES_AGGRESSIVE;
				CLANG_WARN_UNREACHABLE_CODE = YES;
				CLANG_WARN__DUPLICATE_METHOD_MATCH = YES;
				CODE_SIGN_IDENTITY = "iPhone Developer";
				COPY_PHASE_STRIP = NO;
				DEBUG_INFORMATION_FORMAT = dwarf;
				ENABLE_STRICT_OBJC_MSGSEND = YES;
				ENABLE_TESTABILITY = YES;
				GCC_C_LANGUAGE_STANDARD = gnu11;
				GCC_DYNAMIC_NO_PIC = NO;
				GCC_NO_COMMON_BLOCKS = YES;
				GCC_OPTIMIZATION_LEVEL = 0;
				GCC_PREPROCESSOR_DEFINITIONS = (
					"DEBUG=1",
					"$(inherited)",
				);
				GCC_WARN_64_TO_32_BIT_CONVERSION = YES;
				GCC_WARN_ABOUT_RETURN_TYPE = YES_ERROR;
				GCC_WARN_UNDECLARED_SELECTOR = YES;
				GCC_WARN_UNINITIALIZED_AUTOS = YES_AGGRESSIVE;
				GCC_WARN_UNUSED_FUNCTION = YES;
				GCC_WARN_UNUSED_VARIABLE = YES;
				IPHONEOS_DEPLOYMENT_TARGET = 11.2;
				MTL_ENABLE_DEBUG_INFO = YES;
				ONLY_ACTIVE_ARCH = YES;
				SDKROOT = iphoneos;
				SWIFT_ACTIVE_COMPILATION_CONDITIONS = DEBUG;
				SWIFT_OPTIMIZATION_LEVEL = "-Onone";
			};
			name = Debug;
		};
		084828032218B55A00DCB792 /* Release */ = {
			isa = XCBuildConfiguration;
			buildSettings = {
				ALWAYS_SEARCH_USER_PATHS = NO;
				CLANG_ANALYZER_NONNULL = YES;
				CLANG_ANALYZER_NUMBER_OBJECT_CONVERSION = YES_AGGRESSIVE;
				CLANG_CXX_LANGUAGE_STANDARD = "gnu++14";
				CLANG_CXX_LIBRARY = "libc++";
				CLANG_ENABLE_MODULES = YES;
				CLANG_ENABLE_OBJC_ARC = YES;
				CLANG_WARN_BLOCK_CAPTURE_AUTORELEASING = YES;
				CLANG_WARN_BOOL_CONVERSION = YES;
				CLANG_WARN_COMMA = YES;
				CLANG_WARN_CONSTANT_CONVERSION = YES;
				CLANG_WARN_DIRECT_OBJC_ISA_USAGE = YES_ERROR;
				CLANG_WARN_DOCUMENTATION_COMMENTS = YES;
				CLANG_WARN_EMPTY_BODY = YES;
				CLANG_WARN_ENUM_CONVERSION = YES;
				CLANG_WARN_INFINITE_RECURSION = YES;
				CLANG_WARN_INT_CONVERSION = YES;
				CLANG_WARN_NON_LITERAL_NULL_CONVERSION = YES;
				CLANG_WARN_OBJC_LITERAL_CONVERSION = YES;
				CLANG_WARN_OBJC_ROOT_CLASS = YES_ERROR;
				CLANG_WARN_RANGE_LOOP_ANALYSIS = YES;
				CLANG_WARN_STRICT_PROTOTYPES = YES;
				CLANG_WARN_SUSPICIOUS_MOVE = YES;
				CLANG_WARN_UNGUARDED_AVAILABILITY = YES_AGGRESSIVE;
				CLANG_WARN_UNREACHABLE_CODE = YES;
				CLANG_WARN__DUPLICATE_METHOD_MATCH = YES;
				CODE_SIGN_IDENTITY = "iPhone Developer";
				COPY_PHASE_STRIP = NO;
				DEBUG_INFORMATION_FORMAT = "dwarf-with-dsym";
				ENABLE_NS_ASSERTIONS = NO;
				ENABLE_STRICT_OBJC_MSGSEND = YES;
				GCC_C_LANGUAGE_STANDARD = gnu11;
				GCC_NO_COMMON_BLOCKS = YES;
				GCC_WARN_64_TO_32_BIT_CONVERSION = YES;
				GCC_WARN_ABOUT_RETURN_TYPE = YES_ERROR;
				GCC_WARN_UNDECLARED_SELECTOR = YES;
				GCC_WARN_UNINITIALIZED_AUTOS = YES_AGGRESSIVE;
				GCC_WARN_UNUSED_FUNCTION = YES;
				GCC_WARN_UNUSED_VARIABLE = YES;
				IPHONEOS_DEPLOYMENT_TARGET = 11.2;
				MTL_ENABLE_DEBUG_INFO = NO;
				SDKROOT = iphoneos;
				SWIFT_OPTIMIZATION_LEVEL = "-Owholemodule";
				VALIDATE_PRODUCT = YES;
			};
			name = Release;
		};
		084828052218B55A00DCB792 /* Debug */ = {
			isa = XCBuildConfiguration;
			buildSettings = {
				ASSETCATALOG_COMPILER_APPICON_NAME = AppIcon;
				CODE_SIGN_STYLE = Automatic;
				DEVELOPMENT_TEAM = TRXHNXK4Z7;
				INFOPLIST_FILE = sideMenu/Info.plist;
				LD_RUNPATH_SEARCH_PATHS = "$(inherited) @executable_path/Frameworks";
				PRODUCT_BUNDLE_IDENTIFIER = "N-barbara.com.sideMenu";
				PRODUCT_NAME = "$(TARGET_NAME)";
				SWIFT_VERSION = 4.0;
				TARGETED_DEVICE_FAMILY = "1,2";
			};
			name = Debug;
		};
		084828062218B55A00DCB792 /* Release */ = {
			isa = XCBuildConfiguration;
			buildSettings = {
				ASSETCATALOG_COMPILER_APPICON_NAME = AppIcon;
				CODE_SIGN_STYLE = Automatic;
				DEVELOPMENT_TEAM = TRXHNXK4Z7;
				INFOPLIST_FILE = sideMenu/Info.plist;
				LD_RUNPATH_SEARCH_PATHS = "$(inherited) @executable_path/Frameworks";
				PRODUCT_BUNDLE_IDENTIFIER = "N-barbara.com.sideMenu";
				PRODUCT_NAME = "$(TARGET_NAME)";
				SWIFT_VERSION = 4.0;
				TARGETED_DEVICE_FAMILY = "1,2";
			};
			name = Release;
		};
/* End XCBuildConfiguration section */

/* Begin XCConfigurationList section */
		084827ED2218B55A00DCB792 /* Build configuration list for PBXProject "sideMenu" */ = {
			isa = XCConfigurationList;
			buildConfigurations = (
				084828022218B55A00DCB792 /* Debug */,
				084828032218B55A00DCB792 /* Release */,
			);
			defaultConfigurationIsVisible = 0;
			defaultConfigurationName = Release;
		};
		084828042218B55A00DCB792 /* Build configuration list for PBXNativeTarget "sideMenu" */ = {
			isa = XCConfigurationList;
			buildConfigurations = (
				084828052218B55A00DCB792 /* Debug */,
				084828062218B55A00DCB792 /* Release */,
			);
			defaultConfigurationIsVisible = 0;
			defaultConfigurationName = Release;
		};
/* End XCConfigurationList section */
	};
	rootObject = 084827EA2218B55A00DCB792 /* Project object */;
}
